PODS:
  - AFNetworking (3.1.0):
    - AFNetworking/NSURLSession (= 3.1.0)
    - AFNetworking/Reachability (= 3.1.0)
    - AFNetworking/Security (= 3.1.0)
    - AFNetworking/Serialization (= 3.1.0)
    - AFNetworking/UIKit (= 3.1.0)
  - AFNetworking/NSURLSession (3.1.0):
    - AFNetworking/Reachability
    - AFNetworking/Security
    - AFNetworking/Serialization
  - AFNetworking/Reachability (3.1.0)
  - AFNetworking/Security (3.1.0)
  - AFNetworking/Serialization (3.1.0)
  - AFNetworking/UIKit (3.1.0):
    - AFNetworking/NSURLSession
  - Alamofire (4.4.0)
  - ObjectMapper (2.2.3)
  - PKHUD (4.2.0)
  - ProtocolBuffers-Swift (3.0.9)
  - RxCocoa (3.2.0):
    - RxSwift (~> 3.1)
  - RxSwift (3.2.0)

DEPENDENCIES:
  - AFNetworking (~> 3.0)
  - Alamofire
  - ObjectMapper
  - PKHUD (~> 4.0)
  - ProtocolBuffers-Swift
  - RxCocoa
  - RxSwift

SPEC CHECKSUMS:
  AFNetworking: 5e0e199f73d8626b11e79750991f5d173d1f8b67
  Alamofire: dc44b1600b800eb63da6a19039a0083d62a6a62d
  ObjectMapper: d3b3de11267f5d971f390eb8d63dd509116a4329
  PKHUD: 48af884cf00c2213b0313b739d914e6cab1c0f5e
  ProtocolBuffers-Swift: dad8725c6b497a91c9dff38f9035499d40f2c025
  RxCocoa: ccdf43101a70407097a29082f648ba1676075b30
  RxSwift: 46574f70d416b7923c237195939cc488a7fbf3a0

PODFILE CHECKSUM: d906d9dd4342ea0a1942e18edac9a67fd01de7dc

COCOAPODS: 1.1.1
