// !$*UTF8*$!
{
	archiveVersion = 1;
	classes = {
	};
	objectVersion = 46;
	objects = {

/* Begin PBXBuildFile section */
		1625E3361DC7752400CB71FF /* DataOperators.swift in Sources */ = {isa = PBXBuildFile; fileRef = 1625E3351DC7752400CB71FF /* DataOperators.swift */; };
		1625E3381DC77FF900CB71FF /* DataConversionTypeEnum.swift in Sources */ = {isa = PBXBuildFile; fileRef = 1625E3371DC77FF900CB71FF /* DataConversionTypeEnum.swift */; };
		1641F12A1E03EBD300D852E2 /* MaoChatBaseCollectionViewCell.swift in Sources */ = {isa = PBXBuildFile; fileRef = 1641F1291E03EBD300D852E2 /* MaoChatBaseCollectionViewCell.swift */; };
		1641F12C1E03EF9200D852E2 /* UIImageView+Mao.swift in Sources */ = {isa = PBXBuildFile; fileRef = 1641F12B1E03EF9200D852E2 /* UIImageView+Mao.swift */; };
		1641F12E1E054A7700D852E2 /* MaoChatLabelCollectionViewCell.swift in Sources */ = {isa = PBXBuildFile; fileRef = 1641F12D1E054A7700D852E2 /* MaoChatLabelCollectionViewCell.swift */; };
		1641F1301E07807500D852E2 /* MaoChatEnum.swift in Sources */ = {isa = PBXBuildFile; fileRef = 1641F12F1E07807500D852E2 /* MaoChatEnum.swift */; };
		1641F1321E07867300D852E2 /* MaoChatImageCollectionViewCell.swift in Sources */ = {isa = PBXBuildFile; fileRef = 1641F1311E07867300D852E2 /* MaoChatImageCollectionViewCell.swift */; };
		1641F1351E078AD700D852E2 /* MaoUserModel.swift in Sources */ = {isa = PBXBuildFile; fileRef = 1641F1341E078AD700D852E2 /* MaoUserModel.swift */; };
		1641F1371E078C6000D852E2 /* MaoChatCollectionViewController.swift in Sources */ = {isa = PBXBuildFile; fileRef = 1641F1361E078C6000D852E2 /* MaoChatCollectionViewController.swift */; };
		1641F1391E078ED300D852E2 /* MaoChatConversation.swift in Sources */ = {isa = PBXBuildFile; fileRef = 1641F1381E078ED300D852E2 /* MaoChatConversation.swift */; };
		1641F13B1E07DB2F00D852E2 /* MaoChatVoiceCollectionViewCell.swift in Sources */ = {isa = PBXBuildFile; fileRef = 1641F13A1E07DB2F00D852E2 /* MaoChatVoiceCollectionViewCell.swift */; };
		1641F13D1E07E2D500D852E2 /* MaoChatMessageModel.swift in Sources */ = {isa = PBXBuildFile; fileRef = 1641F13C1E07E2D500D852E2 /* MaoChatMessageModel.swift */; };
		1641F13F1E08D88F00D852E2 /* MaoChatCollectionViewController+Message.swift in Sources */ = {isa = PBXBuildFile; fileRef = 1641F13E1E08D88F00D852E2 /* MaoChatCollectionViewController+Message.swift */; };
		16434A831E0B833700DB72BB /* AppDelegate.swift in Sources */ = {isa = PBXBuildFile; fileRef = 16434A821E0B833700DB72BB /* AppDelegate.swift */; };
		16434A851E0B833700DB72BB /* ViewController.swift in Sources */ = {isa = PBXBuildFile; fileRef = 16434A841E0B833700DB72BB /* ViewController.swift */; };
		16434A881E0B833700DB72BB /* Main.storyboard in Resources */ = {isa = PBXBuildFile; fileRef = 16434A861E0B833700DB72BB /* Main.storyboard */; };
		16434A8A1E0B833700DB72BB /* Assets.xcassets in Resources */ = {isa = PBXBuildFile; fileRef = 16434A891E0B833700DB72BB /* Assets.xcassets */; };
		16434A8D1E0B833700DB72BB /* LaunchScreen.storyboard in Resources */ = {isa = PBXBuildFile; fileRef = 16434A8B1E0B833700DB72BB /* LaunchScreen.storyboard */; };
		16434A981E0B833700DB72BB /* demoTests.swift in Sources */ = {isa = PBXBuildFile; fileRef = 16434A971E0B833700DB72BB /* demoTests.swift */; };
		16434AA31E0B833800DB72BB /* demoUITests.swift in Sources */ = {isa = PBXBuildFile; fileRef = 16434AA21E0B833800DB72BB /* demoUITests.swift */; };
		16434AAF1E0B879600DB72BB /* MaoChatFunctions.swift in Sources */ = {isa = PBXBuildFile; fileRef = 16434AAE1E0B879600DB72BB /* MaoChatFunctions.swift */; };
		1650BCD11E19231D006B0994 /* ChatViewController.swift in Sources */ = {isa = PBXBuildFile; fileRef = 1650BCD01E19231D006B0994 /* ChatViewController.swift */; };
		16559C7A1E0A1A6A00317DA3 /* MaoChatInputBaseView.swift in Sources */ = {isa = PBXBuildFile; fileRef = 16559C791E0A1A6A00317DA3 /* MaoChatInputBaseView.swift */; };
		16559C7C1E0A1EA100317DA3 /* SIMChat.xcassets in Resources */ = {isa = PBXBuildFile; fileRef = 16559C7B1E0A1EA100317DA3 /* SIMChat.xcassets */; };
		16559C7E1E0A256200317DA3 /* MaoChatInputTextFieldView.swift in Sources */ = {isa = PBXBuildFile; fileRef = 16559C7D1E0A256200317DA3 /* MaoChatInputTextFieldView.swift */; };
		16559C801E0A5BA400317DA3 /* MaoChatInputButton.swift in Sources */ = {isa = PBXBuildFile; fileRef = 16559C7F1E0A5BA400317DA3 /* MaoChatInputButton.swift */; };
		16559C821E0A5DA500317DA3 /* MaoChatImage.swift in Sources */ = {isa = PBXBuildFile; fileRef = 16559C811E0A5DA500317DA3 /* MaoChatImage.swift */; };
		16559C841E0A5EF700317DA3 /* String+Mao.swift in Sources */ = {isa = PBXBuildFile; fileRef = 16559C831E0A5EF700317DA3 /* String+Mao.swift */; };
		166AAEFF1E0BF8D300661C78 /* UIView+MaoAnchor.swift in Sources */ = {isa = PBXBuildFile; fileRef = 166AAEFE1E0BF8D300661C78 /* UIView+MaoAnchor.swift */; };
		166AAF011E0BFA1900661C78 /* MaoLayoutAnchor.swift in Sources */ = {isa = PBXBuildFile; fileRef = 166AAF001E0BFA1900661C78 /* MaoLayoutAnchor.swift */; };
		166AAF031E0C05AE00661C78 /* MaoNumerical.swift in Sources */ = {isa = PBXBuildFile; fileRef = 166AAF021E0C05AE00661C78 /* MaoNumerical.swift */; };
		166AAF051E0C08C600661C78 /* MaoPriority.swift in Sources */ = {isa = PBXBuildFile; fileRef = 166AAF041E0C08C600661C78 /* MaoPriority.swift */; };
		167849821E10C1E7006BDC17 /* MaoLayoutAnchorProtocol.swift in Sources */ = {isa = PBXBuildFile; fileRef = 167849811E10C1E7006BDC17 /* MaoLayoutAnchorProtocol.swift */; };
		167849841E110CDD006BDC17 /* MaoConstant.swift in Sources */ = {isa = PBXBuildFile; fileRef = 167849831E110CDD006BDC17 /* MaoConstant.swift */; };
		167849861E121C10006BDC17 /* MaoAnchor.swift in Sources */ = {isa = PBXBuildFile; fileRef = 167849851E121C10006BDC17 /* MaoAnchor.swift */; };
		16ABEBEA1E1B8E3100BAFB8A /* MaoChatTextView.swift in Sources */ = {isa = PBXBuildFile; fileRef = 16ABEBE91E1B8E3100BAFB8A /* MaoChatTextView.swift */; };
		16ABEBEC1E1B9FD200BAFB8A /* MaoChatCollectionViewModel.swift in Sources */ = {isa = PBXBuildFile; fileRef = 16ABEBEB1E1B9FD200BAFB8A /* MaoChatCollectionViewModel.swift */; };
		183BFBA91E0CD84B00CF302B /* MaoLayoutRectAnchor.swift in Sources */ = {isa = PBXBuildFile; fileRef = 183BFBA81E0CD84B00CF302B /* MaoLayoutRectAnchor.swift */; };
		1864E1301D824C430042876C /* AppDelegate.swift in Sources */ = {isa = PBXBuildFile; fileRef = 1864E12F1D824C430042876C /* AppDelegate.swift */; };
		1864E1321D824C430042876C /* ViewController.swift in Sources */ = {isa = PBXBuildFile; fileRef = 1864E1311D824C430042876C /* ViewController.swift */; };
		1864E1351D824C430042876C /* Main.storyboard in Resources */ = {isa = PBXBuildFile; fileRef = 1864E1331D824C430042876C /* Main.storyboard */; };
		1864E1371D824C430042876C /* Assets.xcassets in Resources */ = {isa = PBXBuildFile; fileRef = 1864E1361D824C430042876C /* Assets.xcassets */; };
		1864E13A1D824C430042876C /* LaunchScreen.storyboard in Resources */ = {isa = PBXBuildFile; fileRef = 1864E1381D824C430042876C /* LaunchScreen.storyboard */; };
		1864E1451D824C430042876C /* DataDriverTests.swift in Sources */ = {isa = PBXBuildFile; fileRef = 1864E1441D824C430042876C /* DataDriverTests.swift */; };
		1864E1501D824C430042876C /* DataDriverUITests.swift in Sources */ = {isa = PBXBuildFile; fileRef = 1864E14F1D824C430042876C /* DataDriverUITests.swift */; };
		1864E1641D824DB80042876C /* Extensions.swift in Sources */ = {isa = PBXBuildFile; fileRef = 1864E15F1D824DB80042876C /* Extensions.swift */; };
		1864E1651D824DB80042876C /* SQLiteManager.swift in Sources */ = {isa = PBXBuildFile; fileRef = 1864E1601D824DB80042876C /* SQLiteManager.swift */; };
		1864E1661D824DB80042876C /* SrorageToSQLite.swift in Sources */ = {isa = PBXBuildFile; fileRef = 1864E1611D824DB80042876C /* SrorageToSQLite.swift */; };
		1864E1671D824DB80042876C /* Storage.swift in Sources */ = {isa = PBXBuildFile; fileRef = 1864E1621D824DB80042876C /* Storage.swift */; };
		1864E1681D824DB80042876C /* StorageProtocol.swift in Sources */ = {isa = PBXBuildFile; fileRef = 1864E1631D824DB80042876C /* StorageProtocol.swift */; };
		1864E16D1D824DE20042876C /* DataConversion.swift in Sources */ = {isa = PBXBuildFile; fileRef = 1864E16A1D824DE20042876C /* DataConversion.swift */; };
		1864E16E1D824DE20042876C /* DataConversionProtocol.swift in Sources */ = {isa = PBXBuildFile; fileRef = 1864E16B1D824DE20042876C /* DataConversionProtocol.swift */; };
		1864E16F1D824DE20042876C /* DataMap.swift in Sources */ = {isa = PBXBuildFile; fileRef = 1864E16C1D824DE20042876C /* DataMap.swift */; };
		1864E1721D824E0A0042876C /* Pop.swift in Sources */ = {isa = PBXBuildFile; fileRef = 1864E1711D824E0A0042876C /* Pop.swift */; };
		1864E17A1D824E4B0042876C /* Image.swift in Sources */ = {isa = PBXBuildFile; fileRef = 1864E1741D824E4B0042876C /* Image.swift */; };
		1864E17B1D824E4B0042876C /* ImageView+MLImageDowload.swift in Sources */ = {isa = PBXBuildFile; fileRef = 1864E1751D824E4B0042876C /* ImageView+MLImageDowload.swift */; };
		1864E17C1D824E4B0042876C /* MLImageCache.swift in Sources */ = {isa = PBXBuildFile; fileRef = 1864E1761D824E4B0042876C /* MLImageCache.swift */; };
		1864E17D1D824E4B0042876C /* MLImageDowloader.swift in Sources */ = {isa = PBXBuildFile; fileRef = 1864E1771D824E4B0042876C /* MLImageDowloader.swift */; };
		1864E17E1D824E4B0042876C /* MLImageDowloadManager.swift in Sources */ = {isa = PBXBuildFile; fileRef = 1864E1781D824E4B0042876C /* MLImageDowloadManager.swift */; };
		1864E17F1D824E4B0042876C /* String+MD5.swift in Sources */ = {isa = PBXBuildFile; fileRef = 1864E1791D824E4B0042876C /* String+MD5.swift */; };
		1864E1821D824E780042876C /* NetWork.swift in Sources */ = {isa = PBXBuildFile; fileRef = 1864E1811D824E780042876C /* NetWork.swift */; };
		1864E18C1D8253430042876C /* libsqlite3.0.tbd in Frameworks */ = {isa = PBXBuildFile; fileRef = 1864E18B1D8253430042876C /* libsqlite3.0.tbd */; };
		1864E18E1D8262350042876C /* libsqlite3.tbd in Frameworks */ = {isa = PBXBuildFile; fileRef = 1864E18D1D8262350042876C /* libsqlite3.tbd */; };
		1864E1921D8262EC0042876C /* view.m in Sources */ = {isa = PBXBuildFile; fileRef = 1864E1911D8262EC0042876C /* view.m */; };
		1864E1941D826AA90042876C /* TopicsModel.swift in Sources */ = {isa = PBXBuildFile; fileRef = 1864E1931D826AA90042876C /* TopicsModel.swift */; };
		18AE2AD51DD55A1500CA92BD /* DataToJSON.swift in Sources */ = {isa = PBXBuildFile; fileRef = 18AE2AD41DD55A1500CA92BD /* DataToJSON.swift */; };
		18BFE71D1DD5C6060088AF50 /* DataFieldType.swift in Sources */ = {isa = PBXBuildFile; fileRef = 18BFE71C1DD5C6060088AF50 /* DataFieldType.swift */; };
/* End PBXBuildFile section */

/* Begin PBXContainerItemProxy section */
		16434A941E0B833700DB72BB /* PBXContainerItemProxy */ = {
			isa = PBXContainerItemProxy;
			containerPortal = 1864E1241D824C430042876C /* Project object */;
			proxyType = 1;
			remoteGlobalIDString = 16434A7F1E0B833700DB72BB;
			remoteInfo = demo;
		};
		16434A9F1E0B833800DB72BB /* PBXContainerItemProxy */ = {
			isa = PBXContainerItemProxy;
			containerPortal = 1864E1241D824C430042876C /* Project object */;
			proxyType = 1;
			remoteGlobalIDString = 16434A7F1E0B833700DB72BB;
			remoteInfo = demo;
		};
		1864E1411D824C430042876C /* PBXContainerItemProxy */ = {
			isa = PBXContainerItemProxy;
			containerPortal = 1864E1241D824C430042876C /* Project object */;
			proxyType = 1;
			remoteGlobalIDString = 1864E12B1D824C430042876C;
			remoteInfo = DataDriver;
		};
		1864E14C1D824C430042876C /* PBXContainerItemProxy */ = {
			isa = PBXContainerItemProxy;
			containerPortal = 1864E1241D824C430042876C /* Project object */;
			proxyType = 1;
			remoteGlobalIDString = 1864E12B1D824C430042876C;
			remoteInfo = DataDriver;
		};
/* End PBXContainerItemProxy section */

/* Begin PBXFileReference section */
		1625E3351DC7752400CB71FF /* DataOperators.swift */ = {isa = PBXFileReference; fileEncoding = 4; lastKnownFileType = sourcecode.swift; path = DataOperators.swift; sourceTree = "<group>"; };
		1625E3371DC77FF900CB71FF /* DataConversionTypeEnum.swift */ = {isa = PBXFileReference; fileEncoding = 4; lastKnownFileType = sourcecode.swift; path = DataConversionTypeEnum.swift; sourceTree = "<group>"; };
		1641F1291E03EBD300D852E2 /* MaoChatBaseCollectionViewCell.swift */ = {isa = PBXFileReference; fileEncoding = 4; lastKnownFileType = sourcecode.swift; path = MaoChatBaseCollectionViewCell.swift; sourceTree = "<group>"; };
		1641F12B1E03EF9200D852E2 /* UIImageView+Mao.swift */ = {isa = PBXFileReference; fileEncoding = 4; lastKnownFileType = sourcecode.swift; path = "UIImageView+Mao.swift"; sourceTree = "<group>"; };
		1641F12D1E054A7700D852E2 /* MaoChatLabelCollectionViewCell.swift */ = {isa = PBXFileReference; fileEncoding = 4; lastKnownFileType = sourcecode.swift; path = MaoChatLabelCollectionViewCell.swift; sourceTree = "<group>"; };
		1641F12F1E07807500D852E2 /* MaoChatEnum.swift */ = {isa = PBXFileReference; fileEncoding = 4; lastKnownFileType = sourcecode.swift; path = MaoChatEnum.swift; sourceTree = "<group>"; };
		1641F1311E07867300D852E2 /* MaoChatImageCollectionViewCell.swift */ = {isa = PBXFileReference; fileEncoding = 4; lastKnownFileType = sourcecode.swift; path = MaoChatImageCollectionViewCell.swift; sourceTree = "<group>"; };
		1641F1341E078AD700D852E2 /* MaoUserModel.swift */ = {isa = PBXFileReference; fileEncoding = 4; lastKnownFileType = sourcecode.swift; path = MaoUserModel.swift; sourceTree = "<group>"; };
		1641F1361E078C6000D852E2 /* MaoChatCollectionViewController.swift */ = {isa = PBXFileReference; fileEncoding = 4; lastKnownFileType = sourcecode.swift; path = MaoChatCollectionViewController.swift; sourceTree = "<group>"; };
		1641F1381E078ED300D852E2 /* MaoChatConversation.swift */ = {isa = PBXFileReference; fileEncoding = 4; lastKnownFileType = sourcecode.swift; path = MaoChatConversation.swift; sourceTree = "<group>"; };
		1641F13A1E07DB2F00D852E2 /* MaoChatVoiceCollectionViewCell.swift */ = {isa = PBXFileReference; fileEncoding = 4; lastKnownFileType = sourcecode.swift; path = MaoChatVoiceCollectionViewCell.swift; sourceTree = "<group>"; };
		1641F13C1E07E2D500D852E2 /* MaoChatMessageModel.swift */ = {isa = PBXFileReference; fileEncoding = 4; lastKnownFileType = sourcecode.swift; path = MaoChatMessageModel.swift; sourceTree = "<group>"; };
		1641F13E1E08D88F00D852E2 /* MaoChatCollectionViewController+Message.swift */ = {isa = PBXFileReference; fileEncoding = 4; lastKnownFileType = sourcecode.swift; path = "MaoChatCollectionViewController+Message.swift"; sourceTree = "<group>"; };
		16434A801E0B833700DB72BB /* demo.app */ = {isa = PBXFileReference; explicitFileType = wrapper.application; includeInIndex = 0; path = demo.app; sourceTree = BUILT_PRODUCTS_DIR; };
		16434A821E0B833700DB72BB /* AppDelegate.swift */ = {isa = PBXFileReference; lastKnownFileType = sourcecode.swift; path = AppDelegate.swift; sourceTree = "<group>"; };
		16434A841E0B833700DB72BB /* ViewController.swift */ = {isa = PBXFileReference; lastKnownFileType = sourcecode.swift; path = ViewController.swift; sourceTree = "<group>"; };
		16434A871E0B833700DB72BB /* Base */ = {isa = PBXFileReference; lastKnownFileType = file.storyboard; name = Base; path = Base.lproj/Main.storyboard; sourceTree = "<group>"; };
		16434A891E0B833700DB72BB /* Assets.xcassets */ = {isa = PBXFileReference; lastKnownFileType = folder.assetcatalog; path = Assets.xcassets; sourceTree = "<group>"; };
		16434A8C1E0B833700DB72BB /* Base */ = {isa = PBXFileReference; lastKnownFileType = file.storyboard; name = Base; path = Base.lproj/LaunchScreen.storyboard; sourceTree = "<group>"; };
		16434A8E1E0B833700DB72BB /* Info.plist */ = {isa = PBXFileReference; lastKnownFileType = text.plist.xml; path = Info.plist; sourceTree = "<group>"; };
		16434A931E0B833700DB72BB /* demoTests.xctest */ = {isa = PBXFileReference; explicitFileType = wrapper.cfbundle; includeInIndex = 0; path = demoTests.xctest; sourceTree = BUILT_PRODUCTS_DIR; };
		16434A971E0B833700DB72BB /* demoTests.swift */ = {isa = PBXFileReference; lastKnownFileType = sourcecode.swift; path = demoTests.swift; sourceTree = "<group>"; };
		16434A991E0B833800DB72BB /* Info.plist */ = {isa = PBXFileReference; lastKnownFileType = text.plist.xml; path = Info.plist; sourceTree = "<group>"; };
		16434A9E1E0B833800DB72BB /* demoUITests.xctest */ = {isa = PBXFileReference; explicitFileType = wrapper.cfbundle; includeInIndex = 0; path = demoUITests.xctest; sourceTree = BUILT_PRODUCTS_DIR; };
		16434AA21E0B833800DB72BB /* demoUITests.swift */ = {isa = PBXFileReference; lastKnownFileType = sourcecode.swift; path = demoUITests.swift; sourceTree = "<group>"; };
		16434AA41E0B833800DB72BB /* Info.plist */ = {isa = PBXFileReference; lastKnownFileType = text.plist.xml; path = Info.plist; sourceTree = "<group>"; };
		16434AAE1E0B879600DB72BB /* MaoChatFunctions.swift */ = {isa = PBXFileReference; fileEncoding = 4; lastKnownFileType = sourcecode.swift; path = MaoChatFunctions.swift; sourceTree = "<group>"; };
		1650BCD01E19231D006B0994 /* ChatViewController.swift */ = {isa = PBXFileReference; fileEncoding = 4; lastKnownFileType = sourcecode.swift; path = ChatViewController.swift; sourceTree = "<group>"; };
		16559C791E0A1A6A00317DA3 /* MaoChatInputBaseView.swift */ = {isa = PBXFileReference; fileEncoding = 4; lastKnownFileType = sourcecode.swift; path = MaoChatInputBaseView.swift; sourceTree = "<group>"; };
		16559C7B1E0A1EA100317DA3 /* SIMChat.xcassets */ = {isa = PBXFileReference; lastKnownFileType = folder.assetcatalog; path = SIMChat.xcassets; sourceTree = "<group>"; };
		16559C7D1E0A256200317DA3 /* MaoChatInputTextFieldView.swift */ = {isa = PBXFileReference; fileEncoding = 4; lastKnownFileType = sourcecode.swift; path = MaoChatInputTextFieldView.swift; sourceTree = "<group>"; };
		16559C7F1E0A5BA400317DA3 /* MaoChatInputButton.swift */ = {isa = PBXFileReference; fileEncoding = 4; lastKnownFileType = sourcecode.swift; path = MaoChatInputButton.swift; sourceTree = "<group>"; };
		16559C811E0A5DA500317DA3 /* MaoChatImage.swift */ = {isa = PBXFileReference; fileEncoding = 4; lastKnownFileType = sourcecode.swift; path = MaoChatImage.swift; sourceTree = "<group>"; };
		16559C831E0A5EF700317DA3 /* String+Mao.swift */ = {isa = PBXFileReference; fileEncoding = 4; lastKnownFileType = sourcecode.swift; path = "String+Mao.swift"; sourceTree = "<group>"; };
		166AAEFE1E0BF8D300661C78 /* UIView+MaoAnchor.swift */ = {isa = PBXFileReference; fileEncoding = 4; lastKnownFileType = sourcecode.swift; path = "UIView+MaoAnchor.swift"; sourceTree = "<group>"; };
		166AAF001E0BFA1900661C78 /* MaoLayoutAnchor.swift */ = {isa = PBXFileReference; fileEncoding = 4; lastKnownFileType = sourcecode.swift; path = MaoLayoutAnchor.swift; sourceTree = "<group>"; };
		166AAF021E0C05AE00661C78 /* MaoNumerical.swift */ = {isa = PBXFileReference; fileEncoding = 4; lastKnownFileType = sourcecode.swift; path = MaoNumerical.swift; sourceTree = "<group>"; };
		166AAF041E0C08C600661C78 /* MaoPriority.swift */ = {isa = PBXFileReference; fileEncoding = 4; lastKnownFileType = sourcecode.swift; path = MaoPriority.swift; sourceTree = "<group>"; };
		167849811E10C1E7006BDC17 /* MaoLayoutAnchorProtocol.swift */ = {isa = PBXFileReference; fileEncoding = 4; lastKnownFileType = sourcecode.swift; path = MaoLayoutAnchorProtocol.swift; sourceTree = "<group>"; };
		167849831E110CDD006BDC17 /* MaoConstant.swift */ = {isa = PBXFileReference; fileEncoding = 4; lastKnownFileType = sourcecode.swift; path = MaoConstant.swift; sourceTree = "<group>"; };
		167849851E121C10006BDC17 /* MaoAnchor.swift */ = {isa = PBXFileReference; fileEncoding = 4; lastKnownFileType = sourcecode.swift; path = MaoAnchor.swift; sourceTree = "<group>"; };
		16ABEBE91E1B8E3100BAFB8A /* MaoChatTextView.swift */ = {isa = PBXFileReference; fileEncoding = 4; lastKnownFileType = sourcecode.swift; path = MaoChatTextView.swift; sourceTree = "<group>"; };
		16ABEBEB1E1B9FD200BAFB8A /* MaoChatCollectionViewModel.swift */ = {isa = PBXFileReference; fileEncoding = 4; lastKnownFileType = sourcecode.swift; path = MaoChatCollectionViewModel.swift; sourceTree = "<group>"; };
		183BFBA81E0CD84B00CF302B /* MaoLayoutRectAnchor.swift */ = {isa = PBXFileReference; fileEncoding = 4; lastKnownFileType = sourcecode.swift; path = MaoLayoutRectAnchor.swift; sourceTree = "<group>"; };
		1864E12C1D824C430042876C /* DataDriver.app */ = {isa = PBXFileReference; explicitFileType = wrapper.application; includeInIndex = 0; path = DataDriver.app; sourceTree = BUILT_PRODUCTS_DIR; };
		1864E12F1D824C430042876C /* AppDelegate.swift */ = {isa = PBXFileReference; lastKnownFileType = sourcecode.swift; path = AppDelegate.swift; sourceTree = "<group>"; };
		1864E1311D824C430042876C /* ViewController.swift */ = {isa = PBXFileReference; lastKnownFileType = sourcecode.swift; path = ViewController.swift; sourceTree = "<group>"; };
		1864E1341D824C430042876C /* Base */ = {isa = PBXFileReference; lastKnownFileType = file.storyboard; name = Base; path = Base.lproj/Main.storyboard; sourceTree = "<group>"; };
		1864E1361D824C430042876C /* Assets.xcassets */ = {isa = PBXFileReference; lastKnownFileType = folder.assetcatalog; path = Assets.xcassets; sourceTree = "<group>"; };
		1864E1391D824C430042876C /* Base */ = {isa = PBXFileReference; lastKnownFileType = file.storyboard; name = Base; path = Base.lproj/LaunchScreen.storyboard; sourceTree = "<group>"; };
		1864E13B1D824C430042876C /* Info.plist */ = {isa = PBXFileReference; lastKnownFileType = text.plist.xml; path = Info.plist; sourceTree = "<group>"; };
		1864E1401D824C430042876C /* DataDriverTests.xctest */ = {isa = PBXFileReference; explicitFileType = wrapper.cfbundle; includeInIndex = 0; path = DataDriverTests.xctest; sourceTree = BUILT_PRODUCTS_DIR; };
		1864E1441D824C430042876C /* DataDriverTests.swift */ = {isa = PBXFileReference; lastKnownFileType = sourcecode.swift; path = DataDriverTests.swift; sourceTree = "<group>"; };
		1864E1461D824C430042876C /* Info.plist */ = {isa = PBXFileReference; lastKnownFileType = text.plist.xml; path = Info.plist; sourceTree = "<group>"; };
		1864E14B1D824C430042876C /* DataDriverUITests.xctest */ = {isa = PBXFileReference; explicitFileType = wrapper.cfbundle; includeInIndex = 0; path = DataDriverUITests.xctest; sourceTree = BUILT_PRODUCTS_DIR; };
		1864E14F1D824C430042876C /* DataDriverUITests.swift */ = {isa = PBXFileReference; lastKnownFileType = sourcecode.swift; path = DataDriverUITests.swift; sourceTree = "<group>"; };
		1864E1511D824C430042876C /* Info.plist */ = {isa = PBXFileReference; lastKnownFileType = text.plist.xml; path = Info.plist; sourceTree = "<group>"; };
		1864E15F1D824DB80042876C /* Extensions.swift */ = {isa = PBXFileReference; fileEncoding = 4; lastKnownFileType = sourcecode.swift; path = Extensions.swift; sourceTree = "<group>"; };
		1864E1601D824DB80042876C /* SQLiteManager.swift */ = {isa = PBXFileReference; fileEncoding = 4; lastKnownFileType = sourcecode.swift; path = SQLiteManager.swift; sourceTree = "<group>"; };
		1864E1611D824DB80042876C /* SrorageToSQLite.swift */ = {isa = PBXFileReference; fileEncoding = 4; lastKnownFileType = sourcecode.swift; path = SrorageToSQLite.swift; sourceTree = "<group>"; };
		1864E1621D824DB80042876C /* Storage.swift */ = {isa = PBXFileReference; fileEncoding = 4; lastKnownFileType = sourcecode.swift; path = Storage.swift; sourceTree = "<group>"; };
		1864E1631D824DB80042876C /* StorageProtocol.swift */ = {isa = PBXFileReference; fileEncoding = 4; lastKnownFileType = sourcecode.swift; path = StorageProtocol.swift; sourceTree = "<group>"; };
		1864E16A1D824DE20042876C /* DataConversion.swift */ = {isa = PBXFileReference; fileEncoding = 4; lastKnownFileType = sourcecode.swift; path = DataConversion.swift; sourceTree = "<group>"; };
		1864E16B1D824DE20042876C /* DataConversionProtocol.swift */ = {isa = PBXFileReference; fileEncoding = 4; lastKnownFileType = sourcecode.swift; path = DataConversionProtocol.swift; sourceTree = "<group>"; };
		1864E16C1D824DE20042876C /* DataMap.swift */ = {isa = PBXFileReference; fileEncoding = 4; lastKnownFileType = sourcecode.swift; path = DataMap.swift; sourceTree = "<group>"; };
		1864E1711D824E0A0042876C /* Pop.swift */ = {isa = PBXFileReference; fileEncoding = 4; lastKnownFileType = sourcecode.swift; path = Pop.swift; sourceTree = "<group>"; };
		1864E1741D824E4B0042876C /* Image.swift */ = {isa = PBXFileReference; fileEncoding = 4; lastKnownFileType = sourcecode.swift; path = Image.swift; sourceTree = "<group>"; };
		1864E1751D824E4B0042876C /* ImageView+MLImageDowload.swift */ = {isa = PBXFileReference; fileEncoding = 4; lastKnownFileType = sourcecode.swift; path = "ImageView+MLImageDowload.swift"; sourceTree = "<group>"; };
		1864E1761D824E4B0042876C /* MLImageCache.swift */ = {isa = PBXFileReference; fileEncoding = 4; lastKnownFileType = sourcecode.swift; path = MLImageCache.swift; sourceTree = "<group>"; };
		1864E1771D824E4B0042876C /* MLImageDowloader.swift */ = {isa = PBXFileReference; fileEncoding = 4; lastKnownFileType = sourcecode.swift; path = MLImageDowloader.swift; sourceTree = "<group>"; };
		1864E1781D824E4B0042876C /* MLImageDowloadManager.swift */ = {isa = PBXFileReference; fileEncoding = 4; lastKnownFileType = sourcecode.swift; path = MLImageDowloadManager.swift; sourceTree = "<group>"; };
		1864E1791D824E4B0042876C /* String+MD5.swift */ = {isa = PBXFileReference; fileEncoding = 4; lastKnownFileType = sourcecode.swift; path = "String+MD5.swift"; sourceTree = "<group>"; };
		1864E1811D824E780042876C /* NetWork.swift */ = {isa = PBXFileReference; fileEncoding = 4; lastKnownFileType = sourcecode.swift; path = NetWork.swift; sourceTree = "<group>"; };
		1864E18B1D8253430042876C /* libsqlite3.0.tbd */ = {isa = PBXFileReference; lastKnownFileType = "sourcecode.text-based-dylib-definition"; name = libsqlite3.0.tbd; path = usr/lib/libsqlite3.0.tbd; sourceTree = SDKROOT; };
		1864E18D1D8262350042876C /* libsqlite3.tbd */ = {isa = PBXFileReference; lastKnownFileType = "sourcecode.text-based-dylib-definition"; name = libsqlite3.tbd; path = usr/lib/libsqlite3.tbd; sourceTree = SDKROOT; };
		1864E18F1D8262EC0042876C /* DataDriver-Bridging-Header.h */ = {isa = PBXFileReference; lastKnownFileType = sourcecode.c.h; path = "DataDriver-Bridging-Header.h"; sourceTree = "<group>"; };
		1864E1901D8262EC0042876C /* view.h */ = {isa = PBXFileReference; fileEncoding = 4; lastKnownFileType = sourcecode.c.h; path = view.h; sourceTree = "<group>"; };
		1864E1911D8262EC0042876C /* view.m */ = {isa = PBXFileReference; fileEncoding = 4; lastKnownFileType = sourcecode.c.objc; path = view.m; sourceTree = "<group>"; };
		1864E1931D826AA90042876C /* TopicsModel.swift */ = {isa = PBXFileReference; fileEncoding = 4; lastKnownFileType = sourcecode.swift; path = TopicsModel.swift; sourceTree = "<group>"; };
		18AE2AD41DD55A1500CA92BD /* DataToJSON.swift */ = {isa = PBXFileReference; fileEncoding = 4; lastKnownFileType = sourcecode.swift; path = DataToJSON.swift; sourceTree = "<group>"; };
		18BFE71C1DD5C6060088AF50 /* DataFieldType.swift */ = {isa = PBXFileReference; fileEncoding = 4; lastKnownFileType = sourcecode.swift; path = DataFieldType.swift; sourceTree = "<group>"; };
/* End PBXFileReference section */

/* Begin PBXFrameworksBuildPhase section */
		16434A7D1E0B833700DB72BB /* Frameworks */ = {
			isa = PBXFrameworksBuildPhase;
			buildActionMask = 2147483647;
			files = (
			);
			runOnlyForDeploymentPostprocessing = 0;
		};
		16434A901E0B833700DB72BB /* Frameworks */ = {
			isa = PBXFrameworksBuildPhase;
			buildActionMask = 2147483647;
			files = (
			);
			runOnlyForDeploymentPostprocessing = 0;
		};
		16434A9B1E0B833800DB72BB /* Frameworks */ = {
			isa = PBXFrameworksBuildPhase;
			buildActionMask = 2147483647;
			files = (
			);
			runOnlyForDeploymentPostprocessing = 0;
		};
		1864E1291D824C430042876C /* Frameworks */ = {
			isa = PBXFrameworksBuildPhase;
			buildActionMask = 2147483647;
			files = (
				1864E18E1D8262350042876C /* libsqlite3.tbd in Frameworks */,
				1864E18C1D8253430042876C /* libsqlite3.0.tbd in Frameworks */,
			);
			runOnlyForDeploymentPostprocessing = 0;
		};
		1864E13D1D824C430042876C /* Frameworks */ = {
			isa = PBXFrameworksBuildPhase;
			buildActionMask = 2147483647;
			files = (
			);
			runOnlyForDeploymentPostprocessing = 0;
		};
		1864E1481D824C430042876C /* Frameworks */ = {
			isa = PBXFrameworksBuildPhase;
			buildActionMask = 2147483647;
			files = (
			);
			runOnlyForDeploymentPostprocessing = 0;
		};
/* End PBXFrameworksBuildPhase section */

/* Begin PBXGroup section */
		1641F1281E03E67A00D852E2 /* MaoConversation */ = {
			isa = PBXGroup;
			children = (
				16559C7B1E0A1EA100317DA3 /* SIMChat.xcassets */,
				1641F1401E0903A700D852E2 /* MaoChatInput */,
				1641F1331E0787CD00D852E2 /* MaoChatCell */,
				1641F12F1E07807500D852E2 /* MaoChatEnum.swift */,
				16559C811E0A5DA500317DA3 /* MaoChatImage.swift */,
				1641F1361E078C6000D852E2 /* MaoChatCollectionViewController.swift */,
				16ABEBEB1E1B9FD200BAFB8A /* MaoChatCollectionViewModel.swift */,
				1641F13E1E08D88F00D852E2 /* MaoChatCollectionViewController+Message.swift */,
				1641F1341E078AD700D852E2 /* MaoUserModel.swift */,
				1641F13C1E07E2D500D852E2 /* MaoChatMessageModel.swift */,
				1641F1381E078ED300D852E2 /* MaoChatConversation.swift */,
				1641F12B1E03EF9200D852E2 /* UIImageView+Mao.swift */,
				16559C831E0A5EF700317DA3 /* String+Mao.swift */,
				16434AAE1E0B879600DB72BB /* MaoChatFunctions.swift */,
			);
			name = MaoConversation;
			sourceTree = "<group>";
		};
		1641F1331E0787CD00D852E2 /* MaoChatCell */ = {
			isa = PBXGroup;
			children = (
				1641F1291E03EBD300D852E2 /* MaoChatBaseCollectionViewCell.swift */,
				1641F12D1E054A7700D852E2 /* MaoChatLabelCollectionViewCell.swift */,
				1641F1311E07867300D852E2 /* MaoChatImageCollectionViewCell.swift */,
				1641F13A1E07DB2F00D852E2 /* MaoChatVoiceCollectionViewCell.swift */,
			);
			name = MaoChatCell;
			sourceTree = "<group>";
		};
		1641F1401E0903A700D852E2 /* MaoChatInput */ = {
			isa = PBXGroup;
			children = (
				16559C791E0A1A6A00317DA3 /* MaoChatInputBaseView.swift */,
				16559C7D1E0A256200317DA3 /* MaoChatInputTextFieldView.swift */,
				16ABEBE91E1B8E3100BAFB8A /* MaoChatTextView.swift */,
				16559C7F1E0A5BA400317DA3 /* MaoChatInputButton.swift */,
			);
			name = MaoChatInput;
			sourceTree = "<group>";
		};
		16434A811E0B833700DB72BB /* demo */ = {
			isa = PBXGroup;
			children = (
				16434A821E0B833700DB72BB /* AppDelegate.swift */,
				16434A841E0B833700DB72BB /* ViewController.swift */,
				16434A861E0B833700DB72BB /* Main.storyboard */,
				16434A891E0B833700DB72BB /* Assets.xcassets */,
				16434A8B1E0B833700DB72BB /* LaunchScreen.storyboard */,
				16434A8E1E0B833700DB72BB /* Info.plist */,
			);
			path = demo;
			sourceTree = "<group>";
		};
		16434A961E0B833700DB72BB /* demoTests */ = {
			isa = PBXGroup;
			children = (
				16434A971E0B833700DB72BB /* demoTests.swift */,
				16434A991E0B833800DB72BB /* Info.plist */,
			);
			path = demoTests;
			sourceTree = "<group>";
		};
		16434AA11E0B833800DB72BB /* demoUITests */ = {
			isa = PBXGroup;
			children = (
				16434AA21E0B833800DB72BB /* demoUITests.swift */,
				16434AA41E0B833800DB72BB /* Info.plist */,
			);
			path = demoUITests;
			sourceTree = "<group>";
		};
		166AAEFD1E0BF8A900661C78 /* MaoAnchor */ = {
			isa = PBXGroup;
			children = (
				166AAEFE1E0BF8D300661C78 /* UIView+MaoAnchor.swift */,
				167849851E121C10006BDC17 /* MaoAnchor.swift */,
				166AAF001E0BFA1900661C78 /* MaoLayoutAnchor.swift */,
				167849831E110CDD006BDC17 /* MaoConstant.swift */,
				183BFBA81E0CD84B00CF302B /* MaoLayoutRectAnchor.swift */,
				167849811E10C1E7006BDC17 /* MaoLayoutAnchorProtocol.swift */,
				166AAF021E0C05AE00661C78 /* MaoNumerical.swift */,
				166AAF041E0C08C600661C78 /* MaoPriority.swift */,
			);
			name = MaoAnchor;
			sourceTree = "<group>";
		};
		1864E1231D824C430042876C = {
			isa = PBXGroup;
			children = (
				1864E12E1D824C430042876C /* DataDriver */,
				1864E1431D824C430042876C /* DataDriverTests */,
				1864E14E1D824C430042876C /* DataDriverUITests */,
				16434A811E0B833700DB72BB /* demo */,
				16434A961E0B833700DB72BB /* demoTests */,
				16434AA11E0B833800DB72BB /* demoUITests */,
				1864E12D1D824C430042876C /* Products */,
				1864E18A1D8253430042876C /* Frameworks */,
			);
			sourceTree = "<group>";
		};
		1864E12D1D824C430042876C /* Products */ = {
			isa = PBXGroup;
			children = (
				1864E12C1D824C430042876C /* DataDriver.app */,
				1864E1401D824C430042876C /* DataDriverTests.xctest */,
				1864E14B1D824C430042876C /* DataDriverUITests.xctest */,
				16434A801E0B833700DB72BB /* demo.app */,
				16434A931E0B833700DB72BB /* demoTests.xctest */,
				16434A9E1E0B833800DB72BB /* demoUITests.xctest */,
			);
			name = Products;
			sourceTree = "<group>";
		};
		1864E12E1D824C430042876C /* DataDriver */ = {
			isa = PBXGroup;
			children = (
				1864E12F1D824C430042876C /* AppDelegate.swift */,
				1864E1311D824C430042876C /* ViewController.swift */,
				1650BCD01E19231D006B0994 /* ChatViewController.swift */,
				1864E1931D826AA90042876C /* TopicsModel.swift */,
				1864E1901D8262EC0042876C /* view.h */,
				1864E1911D8262EC0042876C /* view.m */,
				1864E15D1D824D7B0042876C /* Compents */,
				1864E1331D824C430042876C /* Main.storyboard */,
				1864E1361D824C430042876C /* Assets.xcassets */,
				1864E1381D824C430042876C /* LaunchScreen.storyboard */,
				1864E13B1D824C430042876C /* Info.plist */,
				1864E18F1D8262EC0042876C /* DataDriver-Bridging-Header.h */,
			);
			path = DataDriver;
			sourceTree = "<group>";
		};
		1864E1431D824C430042876C /* DataDriverTests */ = {
			isa = PBXGroup;
			children = (
				1864E1441D824C430042876C /* DataDriverTests.swift */,
				1864E1461D824C430042876C /* Info.plist */,
			);
			path = DataDriverTests;
			sourceTree = "<group>";
		};
		1864E14E1D824C430042876C /* DataDriverUITests */ = {
			isa = PBXGroup;
			children = (
				1864E14F1D824C430042876C /* DataDriverUITests.swift */,
				1864E1511D824C430042876C /* Info.plist */,
			);
			path = DataDriverUITests;
			sourceTree = "<group>";
		};
		1864E15D1D824D7B0042876C /* Compents */ = {
			isa = PBXGroup;
			children = (
				166AAEFD1E0BF8A900661C78 /* MaoAnchor */,
				1641F1281E03E67A00D852E2 /* MaoConversation */,
				1864E1801D824E560042876C /* MLNetWork */,
				1864E1731D824E140042876C /* MLImageDownload */,
				1864E1701D824DF00042876C /* ALAnimate */,
				1864E1691D824DC50042876C /* DataConversion */,
				1864E15E1D824D8B0042876C /* DataStorage */,
			);
			name = Compents;
			sourceTree = "<group>";
		};
		1864E15E1D824D8B0042876C /* DataStorage */ = {
			isa = PBXGroup;
			children = (
				1864E15F1D824DB80042876C /* Extensions.swift */,
				1864E1601D824DB80042876C /* SQLiteManager.swift */,
				1864E1611D824DB80042876C /* SrorageToSQLite.swift */,
				1864E1621D824DB80042876C /* Storage.swift */,
				1864E1631D824DB80042876C /* StorageProtocol.swift */,
			);
			name = DataStorage;
			sourceTree = "<group>";
		};
		1864E1691D824DC50042876C /* DataConversion */ = {
			isa = PBXGroup;
			children = (
				1864E16A1D824DE20042876C /* DataConversion.swift */,
				1625E3351DC7752400CB71FF /* DataOperators.swift */,
				18AE2AD41DD55A1500CA92BD /* DataToJSON.swift */,
				18BFE71C1DD5C6060088AF50 /* DataFieldType.swift */,
				1864E16B1D824DE20042876C /* DataConversionProtocol.swift */,
				1864E16C1D824DE20042876C /* DataMap.swift */,
				1625E3371DC77FF900CB71FF /* DataConversionTypeEnum.swift */,
			);
			name = DataConversion;
			sourceTree = "<group>";
		};
		1864E1701D824DF00042876C /* ALAnimate */ = {
			isa = PBXGroup;
			children = (
				1864E1711D824E0A0042876C /* Pop.swift */,
			);
			name = ALAnimate;
			sourceTree = "<group>";
		};
		1864E1731D824E140042876C /* MLImageDownload */ = {
			isa = PBXGroup;
			children = (
				1864E1741D824E4B0042876C /* Image.swift */,
				1864E1751D824E4B0042876C /* ImageView+MLImageDowload.swift */,
				1864E1761D824E4B0042876C /* MLImageCache.swift */,
				1864E1771D824E4B0042876C /* MLImageDowloader.swift */,
				1864E1781D824E4B0042876C /* MLImageDowloadManager.swift */,
				1864E1791D824E4B0042876C /* String+MD5.swift */,
			);
			name = MLImageDownload;
			sourceTree = "<group>";
		};
		1864E1801D824E560042876C /* MLNetWork */ = {
			isa = PBXGroup;
			children = (
				1864E1811D824E780042876C /* NetWork.swift */,
			);
			name = MLNetWork;
			sourceTree = "<group>";
		};
		1864E18A1D8253430042876C /* Frameworks */ = {
			isa = PBXGroup;
			children = (
				1864E18D1D8262350042876C /* libsqlite3.tbd */,
				1864E18B1D8253430042876C /* libsqlite3.0.tbd */,
			);
			name = Frameworks;
			sourceTree = "<group>";
		};
/* End PBXGroup section */

/* Begin PBXNativeTarget section */
		16434A7F1E0B833700DB72BB /* demo */ = {
			isa = PBXNativeTarget;
			buildConfigurationList = 16434AA51E0B833800DB72BB /* Build configuration list for PBXNativeTarget "demo" */;
			buildPhases = (
				16434A7C1E0B833700DB72BB /* Sources */,
				16434A7D1E0B833700DB72BB /* Frameworks */,
				16434A7E1E0B833700DB72BB /* Resources */,
			);
			buildRules = (
			);
			dependencies = (
			);
			name = demo;
			productName = demo;
			productReference = 16434A801E0B833700DB72BB /* demo.app */;
			productType = "com.apple.product-type.application";
		};
		16434A921E0B833700DB72BB /* demoTests */ = {
			isa = PBXNativeTarget;
			buildConfigurationList = 16434AA81E0B833800DB72BB /* Build configuration list for PBXNativeTarget "demoTests" */;
			buildPhases = (
				16434A8F1E0B833700DB72BB /* Sources */,
				16434A901E0B833700DB72BB /* Frameworks */,
				16434A911E0B833700DB72BB /* Resources */,
			);
			buildRules = (
			);
			dependencies = (
				16434A951E0B833700DB72BB /* PBXTargetDependency */,
			);
			name = demoTests;
			productName = demoTests;
			productReference = 16434A931E0B833700DB72BB /* demoTests.xctest */;
			productType = "com.apple.product-type.bundle.unit-test";
		};
		16434A9D1E0B833800DB72BB /* demoUITests */ = {
			isa = PBXNativeTarget;
			buildConfigurationList = 16434AAB1E0B833800DB72BB /* Build configuration list for PBXNativeTarget "demoUITests" */;
			buildPhases = (
				16434A9A1E0B833800DB72BB /* Sources */,
				16434A9B1E0B833800DB72BB /* Frameworks */,
				16434A9C1E0B833800DB72BB /* Resources */,
			);
			buildRules = (
			);
			dependencies = (
				16434AA01E0B833800DB72BB /* PBXTargetDependency */,
			);
			name = demoUITests;
			productName = demoUITests;
			productReference = 16434A9E1E0B833800DB72BB /* demoUITests.xctest */;
			productType = "com.apple.product-type.bundle.ui-testing";
		};
		1864E12B1D824C430042876C /* DataDriver */ = {
			isa = PBXNativeTarget;
			buildConfigurationList = 1864E1541D824C430042876C /* Build configuration list for PBXNativeTarget "DataDriver" */;
			buildPhases = (
				1864E1281D824C430042876C /* Sources */,
				1864E1291D824C430042876C /* Frameworks */,
				1864E12A1D824C430042876C /* Resources */,
			);
			buildRules = (
			);
			dependencies = (
			);
			name = DataDriver;
			productName = DataDriver;
			productReference = 1864E12C1D824C430042876C /* DataDriver.app */;
			productType = "com.apple.product-type.application";
		};
		1864E13F1D824C430042876C /* DataDriverTests */ = {
			isa = PBXNativeTarget;
			buildConfigurationList = 1864E1571D824C430042876C /* Build configuration list for PBXNativeTarget "DataDriverTests" */;
			buildPhases = (
				1864E13C1D824C430042876C /* Sources */,
				1864E13D1D824C430042876C /* Frameworks */,
				1864E13E1D824C430042876C /* Resources */,
			);
			buildRules = (
			);
			dependencies = (
				1864E1421D824C430042876C /* PBXTargetDependency */,
			);
			name = DataDriverTests;
			productName = DataDriverTests;
			productReference = 1864E1401D824C430042876C /* DataDriverTests.xctest */;
			productType = "com.apple.product-type.bundle.unit-test";
		};
		1864E14A1D824C430042876C /* DataDriverUITests */ = {
			isa = PBXNativeTarget;
			buildConfigurationList = 1864E15A1D824C430042876C /* Build configuration list for PBXNativeTarget "DataDriverUITests" */;
			buildPhases = (
				1864E1471D824C430042876C /* Sources */,
				1864E1481D824C430042876C /* Frameworks */,
				1864E1491D824C430042876C /* Resources */,
			);
			buildRules = (
			);
			dependencies = (
				1864E14D1D824C430042876C /* PBXTargetDependency */,
			);
			name = DataDriverUITests;
			productName = DataDriverUITests;
			productReference = 1864E14B1D824C430042876C /* DataDriverUITests.xctest */;
			productType = "com.apple.product-type.bundle.ui-testing";
		};
/* End PBXNativeTarget section */

/* Begin PBXProject section */
		1864E1241D824C430042876C /* Project object */ = {
			isa = PBXProject;
			attributes = {
				LastSwiftUpdateCheck = 0820;
				LastUpgradeCheck = 0800;
				ORGANIZATIONNAME = apple;
				TargetAttributes = {
					16434A7F1E0B833700DB72BB = {
						CreatedOnToolsVersion = 8.2;
						DevelopmentTeam = 5F9R5KPEXS;
						ProvisioningStyle = Automatic;
					};
					16434A921E0B833700DB72BB = {
						CreatedOnToolsVersion = 8.2;
						ProvisioningStyle = Automatic;
						TestTargetID = 16434A7F1E0B833700DB72BB;
					};
					16434A9D1E0B833800DB72BB = {
						CreatedOnToolsVersion = 8.2;
						ProvisioningStyle = Automatic;
						TestTargetID = 16434A7F1E0B833700DB72BB;
					};
					1864E12B1D824C430042876C = {
						CreatedOnToolsVersion = 8.0;
						DevelopmentTeam = 5F9R5KPEXS;
						LastSwiftMigration = 0800;
						ProvisioningStyle = Automatic;
					};
					1864E13F1D824C430042876C = {
						CreatedOnToolsVersion = 8.0;
						DevelopmentTeam = TKPTNL5H7G;
						ProvisioningStyle = Automatic;
						TestTargetID = 1864E12B1D824C430042876C;
					};
					1864E14A1D824C430042876C = {
						CreatedOnToolsVersion = 8.0;
						DevelopmentTeam = TKPTNL5H7G;
						ProvisioningStyle = Automatic;
						TestTargetID = 1864E12B1D824C430042876C;
					};
				};
			};
			buildConfigurationList = 1864E1271D824C430042876C /* Build configuration list for PBXProject "DataDriver" */;
			compatibilityVersion = "Xcode 3.2";
			developmentRegion = English;
			hasScannedForEncodings = 0;
			knownRegions = (
				en,
				Base,
			);
			mainGroup = 1864E1231D824C430042876C;
			productRefGroup = 1864E12D1D824C430042876C /* Products */;
			projectDirPath = "";
			projectRoot = "";
			targets = (
				1864E12B1D824C430042876C /* DataDriver */,
				1864E13F1D824C430042876C /* DataDriverTests */,
				1864E14A1D824C430042876C /* DataDriverUITests */,
				16434A7F1E0B833700DB72BB /* demo */,
				16434A921E0B833700DB72BB /* demoTests */,
				16434A9D1E0B833800DB72BB /* demoUITests */,
			);
		};
/* End PBXProject section */

/* Begin PBXResourcesBuildPhase section */
		16434A7E1E0B833700DB72BB /* Resources */ = {
			isa = PBXResourcesBuildPhase;
			buildActionMask = 2147483647;
			files = (
				16434A8D1E0B833700DB72BB /* LaunchScreen.storyboard in Resources */,
				16434A8A1E0B833700DB72BB /* Assets.xcassets in Resources */,
				16434A881E0B833700DB72BB /* Main.storyboard in Resources */,
			);
			runOnlyForDeploymentPostprocessing = 0;
		};
		16434A911E0B833700DB72BB /* Resources */ = {
			isa = PBXResourcesBuildPhase;
			buildActionMask = 2147483647;
			files = (
			);
			runOnlyForDeploymentPostprocessing = 0;
		};
		16434A9C1E0B833800DB72BB /* Resources */ = {
			isa = PBXResourcesBuildPhase;
			buildActionMask = 2147483647;
			files = (
			);
			runOnlyForDeploymentPostprocessing = 0;
		};
		1864E12A1D824C430042876C /* Resources */ = {
			isa = PBXResourcesBuildPhase;
			buildActionMask = 2147483647;
			files = (
				1864E13A1D824C430042876C /* LaunchScreen.storyboard in Resources */,
				16559C7C1E0A1EA100317DA3 /* SIMChat.xcassets in Resources */,
				1864E1371D824C430042876C /* Assets.xcassets in Resources */,
				1864E1351D824C430042876C /* Main.storyboard in Resources */,
			);
			runOnlyForDeploymentPostprocessing = 0;
		};
		1864E13E1D824C430042876C /* Resources */ = {
			isa = PBXResourcesBuildPhase;
			buildActionMask = 2147483647;
			files = (
			);
			runOnlyForDeploymentPostprocessing = 0;
		};
		1864E1491D824C430042876C /* Resources */ = {
			isa = PBXResourcesBuildPhase;
			buildActionMask = 2147483647;
			files = (
			);
			runOnlyForDeploymentPostprocessing = 0;
		};
/* End PBXResourcesBuildPhase section */

/* Begin PBXSourcesBuildPhase section */
		16434A7C1E0B833700DB72BB /* Sources */ = {
			isa = PBXSourcesBuildPhase;
			buildActionMask = 2147483647;
			files = (
				16434A851E0B833700DB72BB /* ViewController.swift in Sources */,
				16434A831E0B833700DB72BB /* AppDelegate.swift in Sources */,
			);
			runOnlyForDeploymentPostprocessing = 0;
		};
		16434A8F1E0B833700DB72BB /* Sources */ = {
			isa = PBXSourcesBuildPhase;
			buildActionMask = 2147483647;
			files = (
				16434A981E0B833700DB72BB /* demoTests.swift in Sources */,
			);
			runOnlyForDeploymentPostprocessing = 0;
		};
		16434A9A1E0B833800DB72BB /* Sources */ = {
			isa = PBXSourcesBuildPhase;
			buildActionMask = 2147483647;
			files = (
				16434AA31E0B833800DB72BB /* demoUITests.swift in Sources */,
			);
			runOnlyForDeploymentPostprocessing = 0;
		};
		1864E1281D824C430042876C /* Sources */ = {
			isa = PBXSourcesBuildPhase;
			buildActionMask = 2147483647;
			files = (
				1864E1321D824C430042876C /* ViewController.swift in Sources */,
				1625E3361DC7752400CB71FF /* DataOperators.swift in Sources */,
				1641F1301E07807500D852E2 /* MaoChatEnum.swift in Sources */,
				1625E3381DC77FF900CB71FF /* DataConversionTypeEnum.swift in Sources */,
				1864E17F1D824E4B0042876C /* String+MD5.swift in Sources */,
				1864E17A1D824E4B0042876C /* Image.swift in Sources */,
				18AE2AD51DD55A1500CA92BD /* DataToJSON.swift in Sources */,
				18BFE71D1DD5C6060088AF50 /* DataFieldType.swift in Sources */,
				1641F13F1E08D88F00D852E2 /* MaoChatCollectionViewController+Message.swift in Sources */,
				1864E16E1D824DE20042876C /* DataConversionProtocol.swift in Sources */,
				1864E1641D824DB80042876C /* Extensions.swift in Sources */,
				166AAF031E0C05AE00661C78 /* MaoNumerical.swift in Sources */,
				1864E17B1D824E4B0042876C /* ImageView+MLImageDowload.swift in Sources */,
				1864E1681D824DB80042876C /* StorageProtocol.swift in Sources */,
				16559C821E0A5DA500317DA3 /* MaoChatImage.swift in Sources */,
				167849821E10C1E7006BDC17 /* MaoLayoutAnchorProtocol.swift in Sources */,
				16559C7E1E0A256200317DA3 /* MaoChatInputTextFieldView.swift in Sources */,
				1641F1391E078ED300D852E2 /* MaoChatConversation.swift in Sources */,
				1650BCD11E19231D006B0994 /* ChatViewController.swift in Sources */,
				1641F12A1E03EBD300D852E2 /* MaoChatBaseCollectionViewCell.swift in Sources */,
				167849841E110CDD006BDC17 /* MaoConstant.swift in Sources */,
				1864E1721D824E0A0042876C /* Pop.swift in Sources */,
				16559C841E0A5EF700317DA3 /* String+Mao.swift in Sources */,
				166AAF011E0BFA1900661C78 /* MaoLayoutAnchor.swift in Sources */,
				16559C7A1E0A1A6A00317DA3 /* MaoChatInputBaseView.swift in Sources */,
				1641F12E1E054A7700D852E2 /* MaoChatLabelCollectionViewCell.swift in Sources */,
				1864E1821D824E780042876C /* NetWork.swift in Sources */,
				1864E17E1D824E4B0042876C /* MLImageDowloadManager.swift in Sources */,
				1864E1661D824DB80042876C /* SrorageToSQLite.swift in Sources */,
				1864E1301D824C430042876C /* AppDelegate.swift in Sources */,
				167849861E121C10006BDC17 /* MaoAnchor.swift in Sources */,
				1864E1651D824DB80042876C /* SQLiteManager.swift in Sources */,
				1641F1351E078AD700D852E2 /* MaoUserModel.swift in Sources */,
				1864E1671D824DB80042876C /* Storage.swift in Sources */,
				1864E1921D8262EC0042876C /* view.m in Sources */,
				1864E16F1D824DE20042876C /* DataMap.swift in Sources */,
				16ABEBEC1E1B9FD200BAFB8A /* MaoChatCollectionViewModel.swift in Sources */,
				16434AAF1E0B879600DB72BB /* MaoChatFunctions.swift in Sources */,
				16559C801E0A5BA400317DA3 /* MaoChatInputButton.swift in Sources */,
				1864E17D1D824E4B0042876C /* MLImageDowloader.swift in Sources */,
				166AAEFF1E0BF8D300661C78 /* UIView+MaoAnchor.swift in Sources */,
				1641F12C1E03EF9200D852E2 /* UIImageView+Mao.swift in Sources */,
				1641F1321E07867300D852E2 /* MaoChatImageCollectionViewCell.swift in Sources */,
				183BFBA91E0CD84B00CF302B /* MaoLayoutRectAnchor.swift in Sources */,
				1864E16D1D824DE20042876C /* DataConversion.swift in Sources */,
				1641F1371E078C6000D852E2 /* MaoChatCollectionViewController.swift in Sources */,
				1641F13B1E07DB2F00D852E2 /* MaoChatVoiceCollectionViewCell.swift in Sources */,
				1864E17C1D824E4B0042876C /* MLImageCache.swift in Sources */,
				1864E1941D826AA90042876C /* TopicsModel.swift in Sources */,
				16ABEBEA1E1B8E3100BAFB8A /* MaoChatTextView.swift in Sources */,
				166AAF051E0C08C600661C78 /* MaoPriority.swift in Sources */,
				1641F13D1E07E2D500D852E2 /* MaoChatMessageModel.swift in Sources */,
			);
			runOnlyForDeploymentPostprocessing = 0;
		};
		1864E13C1D824C430042876C /* Sources */ = {
			isa = PBXSourcesBuildPhase;
			buildActionMask = 2147483647;
			files = (
				1864E1451D824C430042876C /* DataDriverTests.swift in Sources */,
			);
			runOnlyForDeploymentPostprocessing = 0;
		};
		1864E1471D824C430042876C /* Sources */ = {
			isa = PBXSourcesBuildPhase;
			buildActionMask = 2147483647;
			files = (
				1864E1501D824C430042876C /* DataDriverUITests.swift in Sources */,
			);
			runOnlyForDeploymentPostprocessing = 0;
		};
/* End PBXSourcesBuildPhase section */

/* Begin PBXTargetDependency section */
		16434A951E0B833700DB72BB /* PBXTargetDependency */ = {
			isa = PBXTargetDependency;
			target = 16434A7F1E0B833700DB72BB /* demo */;
			targetProxy = 16434A941E0B833700DB72BB /* PBXContainerItemProxy */;
		};
		16434AA01E0B833800DB72BB /* PBXTargetDependency */ = {
			isa = PBXTargetDependency;
			target = 16434A7F1E0B833700DB72BB /* demo */;
			targetProxy = 16434A9F1E0B833800DB72BB /* PBXContainerItemProxy */;
		};
		1864E1421D824C430042876C /* PBXTargetDependency */ = {
			isa = PBXTargetDependency;
			target = 1864E12B1D824C430042876C /* DataDriver */;
			targetProxy = 1864E1411D824C430042876C /* PBXContainerItemProxy */;
		};
		1864E14D1D824C430042876C /* PBXTargetDependency */ = {
			isa = PBXTargetDependency;
			target = 1864E12B1D824C430042876C /* DataDriver */;
			targetProxy = 1864E14C1D824C430042876C /* PBXContainerItemProxy */;
		};
/* End PBXTargetDependency section */

/* Begin PBXVariantGroup section */
		16434A861E0B833700DB72BB /* Main.storyboard */ = {
			isa = PBXVariantGroup;
			children = (
				16434A871E0B833700DB72BB /* Base */,
			);
			name = Main.storyboard;
			sourceTree = "<group>";
		};
		16434A8B1E0B833700DB72BB /* LaunchScreen.storyboard */ = {
			isa = PBXVariantGroup;
			children = (
				16434A8C1E0B833700DB72BB /* Base */,
			);
			name = LaunchScreen.storyboard;
			sourceTree = "<group>";
		};
		1864E1331D824C430042876C /* Main.storyboard */ = {
			isa = PBXVariantGroup;
			children = (
				1864E1341D824C430042876C /* Base */,
			);
			name = Main.storyboard;
			sourceTree = "<group>";
		};
		1864E1381D824C430042876C /* LaunchScreen.storyboard */ = {
			isa = PBXVariantGroup;
			children = (
				1864E1391D824C430042876C /* Base */,
			);
			name = LaunchScreen.storyboard;
			sourceTree = "<group>";
		};
/* End PBXVariantGroup section */

/* Begin XCBuildConfiguration section */
		16434AA61E0B833800DB72BB /* Debug */ = {
			isa = XCBuildConfiguration;
			buildSettings = {
				ASSETCATALOG_COMPILER_APPICON_NAME = AppIcon;
				CLANG_WARN_SUSPICIOUS_MOVE = YES;
				DEVELOPMENT_TEAM = 5F9R5KPEXS;
				INFOPLIST_FILE = demo/Info.plist;
				IPHONEOS_DEPLOYMENT_TARGET = 9.0;
				LD_RUNPATH_SEARCH_PATHS = "$(inherited) @executable_path/Frameworks";
				PRODUCT_BUNDLE_IDENTIFIER = wang.demo;
				PRODUCT_NAME = "$(TARGET_NAME)";
				SWIFT_VERSION = 3.0;
			};
			name = Debug;
		};
		16434AA71E0B833800DB72BB /* Release */ = {
			isa = XCBuildConfiguration;
			buildSettings = {
				ASSETCATALOG_COMPILER_APPICON_NAME = AppIcon;
				CLANG_WARN_SUSPICIOUS_MOVE = YES;
				DEVELOPMENT_TEAM = 5F9R5KPEXS;
				INFOPLIST_FILE = demo/Info.plist;
				IPHONEOS_DEPLOYMENT_TARGET = 9.0;
				LD_RUNPATH_SEARCH_PATHS = "$(inherited) @executable_path/Frameworks";
				PRODUCT_BUNDLE_IDENTIFIER = wang.demo;
				PRODUCT_NAME = "$(TARGET_NAME)";
				SWIFT_VERSION = 3.0;
			};
			name = Release;
		};
		16434AA91E0B833800DB72BB /* Debug */ = {
			isa = XCBuildConfiguration;
			buildSettings = {
				ALWAYS_EMBED_SWIFT_STANDARD_LIBRARIES = YES;
				BUNDLE_LOADER = "$(TEST_HOST)";
				CLANG_WARN_SUSPICIOUS_MOVE = YES;
				INFOPLIST_FILE = demoTests/Info.plist;
				IPHONEOS_DEPLOYMENT_TARGET = 10.2;
				LD_RUNPATH_SEARCH_PATHS = "$(inherited) @executable_path/Frameworks @loader_path/Frameworks";
				PRODUCT_BUNDLE_IDENTIFIER = wang.demoTests;
				PRODUCT_NAME = "$(TARGET_NAME)";
				SWIFT_VERSION = 3.0;
				TEST_HOST = "$(BUILT_PRODUCTS_DIR)/demo.app/demo";
			};
			name = Debug;
		};
		16434AAA1E0B833800DB72BB /* Release */ = {
			isa = XCBuildConfiguration;
			buildSettings = {
				ALWAYS_EMBED_SWIFT_STANDARD_LIBRARIES = YES;
				BUNDLE_LOADER = "$(TEST_HOST)";
				CLANG_WARN_SUSPICIOUS_MOVE = YES;
				INFOPLIST_FILE = demoTests/Info.plist;
				IPHONEOS_DEPLOYMENT_TARGET = 10.2;
				LD_RUNPATH_SEARCH_PATHS = "$(inherited) @executable_path/Frameworks @loader_path/Frameworks";
				PRODUCT_BUNDLE_IDENTIFIER = wang.demoTests;
				PRODUCT_NAME = "$(TARGET_NAME)";
				SWIFT_VERSION = 3.0;
				TEST_HOST = "$(BUILT_PRODUCTS_DIR)/demo.app/demo";
			};
			name = Release;
		};
		16434AAC1E0B833800DB72BB /* Debug */ = {
			isa = XCBuildConfiguration;
			buildSettings = {
				ALWAYS_EMBED_SWIFT_STANDARD_LIBRARIES = YES;
				CLANG_WARN_SUSPICIOUS_MOVE = YES;
				INFOPLIST_FILE = demoUITests/Info.plist;
				IPHONEOS_DEPLOYMENT_TARGET = 10.2;
				LD_RUNPATH_SEARCH_PATHS = "$(inherited) @executable_path/Frameworks @loader_path/Frameworks";
				PRODUCT_BUNDLE_IDENTIFIER = wang.demoUITests;
				PRODUCT_NAME = "$(TARGET_NAME)";
				SWIFT_VERSION = 3.0;
				TEST_TARGET_NAME = demo;
			};
			name = Debug;
		};
		16434AAD1E0B833800DB72BB /* Release */ = {
			isa = XCBuildConfiguration;
			buildSettings = {
				ALWAYS_EMBED_SWIFT_STANDARD_LIBRARIES = YES;
				CLANG_WARN_SUSPICIOUS_MOVE = YES;
				INFOPLIST_FILE = demoUITests/Info.plist;
				IPHONEOS_DEPLOYMENT_TARGET = 10.2;
				LD_RUNPATH_SEARCH_PATHS = "$(inherited) @executable_path/Frameworks @loader_path/Frameworks";
				PRODUCT_BUNDLE_IDENTIFIER = wang.demoUITests;
				PRODUCT_NAME = "$(TARGET_NAME)";
				SWIFT_VERSION = 3.0;
				TEST_TARGET_NAME = demo;
			};
			name = Release;
		};
		1864E1521D824C430042876C /* Debug */ = {
			isa = XCBuildConfiguration;
			buildSettings = {
				ALWAYS_SEARCH_USER_PATHS = NO;
				CLANG_ANALYZER_NONNULL = YES;
				CLANG_CXX_LANGUAGE_STANDARD = "gnu++0x";
				CLANG_CXX_LIBRARY = "libc++";
				CLANG_ENABLE_MODULES = YES;
				CLANG_ENABLE_OBJC_ARC = YES;
				CLANG_WARN_BOOL_CONVERSION = YES;
				CLANG_WARN_CONSTANT_CONVERSION = YES;
				CLANG_WARN_DIRECT_OBJC_ISA_USAGE = YES_ERROR;
				CLANG_WARN_DOCUMENTATION_COMMENTS = YES;
				CLANG_WARN_EMPTY_BODY = YES;
				CLANG_WARN_ENUM_CONVERSION = YES;
				CLANG_WARN_INFINITE_RECURSION = YES;
				CLANG_WARN_INT_CONVERSION = YES;
				CLANG_WARN_OBJC_ROOT_CLASS = YES_ERROR;
				CLANG_WARN_SUSPICIOUS_MOVES = YES;
				CLANG_WARN_UNREACHABLE_CODE = YES;
				CLANG_WARN__DUPLICATE_METHOD_MATCH = YES;
				"CODE_SIGN_IDENTITY[sdk=iphoneos*]" = "iPhone Developer";
				COPY_PHASE_STRIP = NO;
				DEBUG_INFORMATION_FORMAT = dwarf;
				ENABLE_STRICT_OBJC_MSGSEND = YES;
				ENABLE_TESTABILITY = YES;
				GCC_C_LANGUAGE_STANDARD = gnu99;
				GCC_DYNAMIC_NO_PIC = NO;
				GCC_NO_COMMON_BLOCKS = YES;
				GCC_OPTIMIZATION_LEVEL = 0;
				GCC_PREPROCESSOR_DEFINITIONS = (
					"DEBUG=1",
					"$(inherited)",
				);
				GCC_WARN_64_TO_32_BIT_CONVERSION = YES;
				GCC_WARN_ABOUT_RETURN_TYPE = YES_ERROR;
				GCC_WARN_UNDECLARED_SELECTOR = YES;
				GCC_WARN_UNINITIALIZED_AUTOS = YES_AGGRESSIVE;
				GCC_WARN_UNUSED_FUNCTION = YES;
				GCC_WARN_UNUSED_VARIABLE = YES;
				IPHONEOS_DEPLOYMENT_TARGET = 10.0;
				MTL_ENABLE_DEBUG_INFO = YES;
				ONLY_ACTIVE_ARCH = YES;
				SDKROOT = iphoneos;
				SWIFT_ACTIVE_COMPILATION_CONDITIONS = DEBUG;
				SWIFT_OPTIMIZATION_LEVEL = "-Onone";
				TARGETED_DEVICE_FAMILY = "1,2";
			};
			name = Debug;
		};
		1864E1531D824C430042876C /* Release */ = {
			isa = XCBuildConfiguration;
			buildSettings = {
				ALWAYS_SEARCH_USER_PATHS = NO;
				CLANG_ANALYZER_NONNULL = YES;
				CLANG_CXX_LANGUAGE_STANDARD = "gnu++0x";
				CLANG_CXX_LIBRARY = "libc++";
				CLANG_ENABLE_MODULES = YES;
				CLANG_ENABLE_OBJC_ARC = YES;
				CLANG_WARN_BOOL_CONVERSION = YES;
				CLANG_WARN_CONSTANT_CONVERSION = YES;
				CLANG_WARN_DIRECT_OBJC_ISA_USAGE = YES_ERROR;
				CLANG_WARN_DOCUMENTATION_COMMENTS = YES;
				CLANG_WARN_EMPTY_BODY = YES;
				CLANG_WARN_ENUM_CONVERSION = YES;
				CLANG_WARN_INFINITE_RECURSION = YES;
				CLANG_WARN_INT_CONVERSION = YES;
				CLANG_WARN_OBJC_ROOT_CLASS = YES_ERROR;
				CLANG_WARN_SUSPICIOUS_MOVES = YES;
				CLANG_WARN_UNREACHABLE_CODE = YES;
				CLANG_WARN__DUPLICATE_METHOD_MATCH = YES;
				"CODE_SIGN_IDENTITY[sdk=iphoneos*]" = "iPhone Developer";
				COPY_PHASE_STRIP = NO;
				DEBUG_INFORMATION_FORMAT = "dwarf-with-dsym";
				ENABLE_NS_ASSERTIONS = NO;
				ENABLE_STRICT_OBJC_MSGSEND = YES;
				GCC_C_LANGUAGE_STANDARD = gnu99;
				GCC_NO_COMMON_BLOCKS = YES;
				GCC_WARN_64_TO_32_BIT_CONVERSION = YES;
				GCC_WARN_ABOUT_RETURN_TYPE = YES_ERROR;
				GCC_WARN_UNDECLARED_SELECTOR = YES;
				GCC_WARN_UNINITIALIZED_AUTOS = YES_AGGRESSIVE;
				GCC_WARN_UNUSED_FUNCTION = YES;
				GCC_WARN_UNUSED_VARIABLE = YES;
				IPHONEOS_DEPLOYMENT_TARGET = 10.0;
				MTL_ENABLE_DEBUG_INFO = NO;
				SDKROOT = iphoneos;
				SWIFT_OPTIMIZATION_LEVEL = "-Owholemodule";
				TARGETED_DEVICE_FAMILY = "1,2";
				VALIDATE_PRODUCT = YES;
			};
			name = Release;
		};
		1864E1551D824C430042876C /* Debug */ = {
			isa = XCBuildConfiguration;
			buildSettings = {
				ASSETCATALOG_COMPILER_APPICON_NAME = AppIcon;
				CLANG_ENABLE_MODULES = YES;
				DEVELOPMENT_TEAM = 5F9R5KPEXS;
				INFOPLIST_FILE = DataDriver/Info.plist;
				IPHONEOS_DEPLOYMENT_TARGET = 10.0;
				LD_RUNPATH_SEARCH_PATHS = "$(inherited) @executable_path/Frameworks";
				PRODUCT_BUNDLE_IDENTIFIER = wang.DataDrivers;
				PRODUCT_NAME = "$(TARGET_NAME)";
				SWIFT_OBJC_BRIDGING_HEADER = "DataDriver/DataDriver-Bridging-Header.h";
				SWIFT_OPTIMIZATION_LEVEL = "-Onone";
				SWIFT_VERSION = 3.0;
			};
			name = Debug;
		};
		1864E1561D824C430042876C /* Release */ = {
			isa = XCBuildConfiguration;
			buildSettings = {
				ASSETCATALOG_COMPILER_APPICON_NAME = AppIcon;
				CLANG_ENABLE_MODULES = YES;
				DEVELOPMENT_TEAM = 5F9R5KPEXS;
				INFOPLIST_FILE = DataDriver/Info.plist;
				IPHONEOS_DEPLOYMENT_TARGET = 10.0;
				LD_RUNPATH_SEARCH_PATHS = "$(inherited) @executable_path/Frameworks";
				PRODUCT_BUNDLE_IDENTIFIER = wang.DataDrivers;
				PRODUCT_NAME = "$(TARGET_NAME)";
				SWIFT_OBJC_BRIDGING_HEADER = "DataDriver/DataDriver-Bridging-Header.h";
				SWIFT_VERSION = 3.0;
			};
			name = Release;
		};
		1864E1581D824C430042876C /* Debug */ = {
			isa = XCBuildConfiguration;
			buildSettings = {
				ALWAYS_EMBED_SWIFT_STANDARD_LIBRARIES = YES;
				BUNDLE_LOADER = "$(TEST_HOST)";
				DEVELOPMENT_TEAM = TKPTNL5H7G;
				INFOPLIST_FILE = DataDriverTests/Info.plist;
				LD_RUNPATH_SEARCH_PATHS = "$(inherited) @executable_path/Frameworks @loader_path/Frameworks";
				PRODUCT_BUNDLE_IDENTIFIER = wang.DataDriverTests;
				PRODUCT_NAME = "$(TARGET_NAME)";
				SWIFT_VERSION = 3.0;
				TEST_HOST = "$(BUILT_PRODUCTS_DIR)/DataDriver.app/DataDriver";
			};
			name = Debug;
		};
		1864E1591D824C430042876C /* Release */ = {
			isa = XCBuildConfiguration;
			buildSettings = {
				ALWAYS_EMBED_SWIFT_STANDARD_LIBRARIES = YES;
				BUNDLE_LOADER = "$(TEST_HOST)";
				DEVELOPMENT_TEAM = TKPTNL5H7G;
				INFOPLIST_FILE = DataDriverTests/Info.plist;
				LD_RUNPATH_SEARCH_PATHS = "$(inherited) @executable_path/Frameworks @loader_path/Frameworks";
				PRODUCT_BUNDLE_IDENTIFIER = wang.DataDriverTests;
				PRODUCT_NAME = "$(TARGET_NAME)";
				SWIFT_VERSION = 3.0;
				TEST_HOST = "$(BUILT_PRODUCTS_DIR)/DataDriver.app/DataDriver";
			};
			name = Release;
		};
		1864E15B1D824C430042876C /* Debug */ = {
			isa = XCBuildConfiguration;
			buildSettings = {
				ALWAYS_EMBED_SWIFT_STANDARD_LIBRARIES = YES;
				DEVELOPMENT_TEAM = TKPTNL5H7G;
				INFOPLIST_FILE = DataDriverUITests/Info.plist;
				LD_RUNPATH_SEARCH_PATHS = "$(inherited) @executable_path/Frameworks @loader_path/Frameworks";
				PRODUCT_BUNDLE_IDENTIFIER = wang.DataDriverUITests;
				PRODUCT_NAME = "$(TARGET_NAME)";
				SWIFT_VERSION = 3.0;
				TEST_TARGET_NAME = DataDriver;
			};
			name = Debug;
		};
		1864E15C1D824C430042876C /* Release */ = {
			isa = XCBuildConfiguration;
			buildSettings = {
				ALWAYS_EMBED_SWIFT_STANDARD_LIBRARIES = YES;
				DEVELOPMENT_TEAM = TKPTNL5H7G;
				INFOPLIST_FILE = DataDriverUITests/Info.plist;
				LD_RUNPATH_SEARCH_PATHS = "$(inherited) @executable_path/Frameworks @loader_path/Frameworks";
				PRODUCT_BUNDLE_IDENTIFIER = wang.DataDriverUITests;
				PRODUCT_NAME = "$(TARGET_NAME)";
				SWIFT_VERSION = 3.0;
				TEST_TARGET_NAME = DataDriver;
			};
			name = Release;
		};
/* End XCBuildConfiguration section */

/* Begin XCConfigurationList section */
		16434AA51E0B833800DB72BB /* Build configuration list for PBXNativeTarget "demo" */ = {
			isa = XCConfigurationList;
			buildConfigurations = (
				16434AA61E0B833800DB72BB /* Debug */,
				16434AA71E0B833800DB72BB /* Release */,
			);
			defaultConfigurationIsVisible = 0;
			defaultConfigurationName = Release;
		};
		16434AA81E0B833800DB72BB /* Build configuration list for PBXNativeTarget "demoTests" */ = {
			isa = XCConfigurationList;
			buildConfigurations = (
				16434AA91E0B833800DB72BB /* Debug */,
				16434AAA1E0B833800DB72BB /* Release */,
			);
			defaultConfigurationIsVisible = 0;
			defaultConfigurationName = Release;
		};
		16434AAB1E0B833800DB72BB /* Build configuration list for PBXNativeTarget "demoUITests" */ = {
			isa = XCConfigurationList;
			buildConfigurations = (
				16434AAC1E0B833800DB72BB /* Debug */,
				16434AAD1E0B833800DB72BB /* Release */,
			);
			defaultConfigurationIsVisible = 0;
			defaultConfigurationName = Release;
		};
		1864E1271D824C430042876C /* Build configuration list for PBXProject "DataDriver" */ = {
			isa = XCConfigurationList;
			buildConfigurations = (
				1864E1521D824C430042876C /* Debug */,
				1864E1531D824C430042876C /* Release */,
			);
			defaultConfigurationIsVisible = 0;
			defaultConfigurationName = Release;
		};
		1864E1541D824C430042876C /* Build configuration list for PBXNativeTarget "DataDriver" */ = {
			isa = XCConfigurationList;
			buildConfigurations = (
				1864E1551D824C430042876C /* Debug */,
				1864E1561D824C430042876C /* Release */,
			);
			defaultConfigurationIsVisible = 0;
			defaultConfigurationName = Release;
		};
		1864E1571D824C430042876C /* Build configuration list for PBXNativeTarget "DataDriverTests" */ = {
			isa = XCConfigurationList;
			buildConfigurations = (
				1864E1581D824C430042876C /* Debug */,
				1864E1591D824C430042876C /* Release */,
			);
			defaultConfigurationIsVisible = 0;
			defaultConfigurationName = Release;
		};
		1864E15A1D824C430042876C /* Build configuration list for PBXNativeTarget "DataDriverUITests" */ = {
			isa = XCConfigurationList;
			buildConfigurations = (
				1864E15B1D824C430042876C /* Debug */,
				1864E15C1D824C430042876C /* Release */,
			);
			defaultConfigurationIsVisible = 0;
			defaultConfigurationName = Release;
		};
/* End XCConfigurationList section */
	};
	rootObject = 1864E1241D824C430042876C /* Project object */;
}
